// !$*UTF8*$!
{
	archiveVersion = 1;
	classes = {
	};
	objectVersion = 46;
	objects = {

/* Begin PBXBuildFile section */
		4CC7A96C1C91715700B3EA87 /* main.c in Sources */ = {isa = PBXBuildFile; fileRef = 4CC7A96B1C91715700B3EA87 /* main.c */; };
/* End PBXBuildFile section */

/* Begin PBXCopyFilesBuildPhase section */
		4CC7A9661C91715700B3EA87 /* CopyFiles */ = {
			isa = PBXCopyFilesBuildPhase;
			buildActionMask = 2147483647;
			dstPath = /usr/share/man/man1/;
			dstSubfolderSpec = 0;
			files = (
			);
			runOnlyForDeploymentPostprocessing = 1;
		};
/* End PBXCopyFilesBuildPhase section */

/* Begin PBXFileReference section */
		4CC7A9681C91715700B3EA87 /* checkIfStringCharsAreUnique */ = {isa = PBXFileReference; explicitFileType = "compiled.mach-o.executable"; includeInIndex = 0; path = checkIfStringCharsAreUnique; sourceTree = BUILT_PRODUCTS_DIR; };
		4CC7A96B1C91715700B3EA87 /* main.c */ = {isa = PBXFileReference; lastKnownFileType = sourcecode.c.c; path = main.c; sourceTree = "<group>"; };
/* End PBXFileReference section */

/* Begin PBXFrameworksBuildPhase section */
		4CC7A9651C91715700B3EA87 /* Frameworks */ = {
			isa = PBXFrameworksBuildPhase;
			buildActionMask = 2147483647;
			files = (
			);
			runOnlyForDeploymentPostprocessing = 0;
		};
/* End PBXFrameworksBuildPhase section */

/* Begin PBXGroup section */
		4CC7A95F1C91715700B3EA87 = {
			isa = PBXGroup;
			children = (
				4CC7A96A1C91715700B3EA87 /* checkIfStringCharsAreUnique */,
				4CC7A9691C91715700B3EA87 /* Products */,
			);
			sourceTree = "<group>";
		};
		4CC7A9691C91715700B3EA87 /* Products */ = {
			isa = PBXGroup;
			children = (
				4CC7A9681C91715700B3EA87 /* checkIfStringCharsAreUnique */,
			);
			name = Products;
			sourceTree = "<group>";
		};
		4CC7A96A1C91715700B3EA87 /* checkIfStringCharsAreUnique */ = {
			isa = PBXGroup;
			children = (
				4CC7A96B1C91715700B3EA87 /* main.c */,
			);
			path = checkIfStringCharsAreUnique;
			sourceTree = "<group>";
		};
/* End PBXGroup section */

/* Begin PBXNativeTarget section */
		4CC7A9671C91715700B3EA87 /* checkIfStringCharsAreUnique */ = {
			isa = PBXNativeTarget;
			buildConfigurationList = 4CC7A96F1C91715700B3EA87 /* Build configuration list for PBXNativeTarget "checkIfStringCharsAreUnique" */;
			buildPhases = (
				4CC7A9641C91715700B3EA87 /* Sources */,
				4CC7A9651C91715700B3EA87 /* Frameworks */,
				4CC7A9661C91715700B3EA87 /* CopyFiles */,
			);
			buildRules = (
			);
			dependencies = (
			);
			name = checkIfStringCharsAreUnique;
			productName = checkIfStringCharsAreUnique;
			productReference = 4CC7A9681C91715700B3EA87 /* checkIfStringCharsAreUnique */;
			productType = "com.apple.product-type.tool";
		};
/* End PBXNativeTarget section */

/* Begin PBXProject section */
		4CC7A9601C91715700B3EA87 /* Project object */ = {
			isa = PBXProject;
			attributes = {
				LastUpgradeCheck = 0720;
				ORGANIZATIONNAME = "Ruchik Dave";
				TargetAttributes = {
					4CC7A9671C91715700B3EA87 = {
						CreatedOnToolsVersion = 7.2.1;
					};
				};
			};
			buildConfigurationList = 4CC7A9631C91715700B3EA87 /* Build configuration list for PBXProject "checkIfStringCharsAreUnique" */;
			compatibilityVersion = "Xcode 3.2";
			developmentRegion = English;
			hasScannedForEncodings = 0;
			knownRegions = (
				en,
			);
			mainGroup = 4CC7A95F1C91715700B3EA87;
			productRefGroup = 4CC7A9691C91715700B3EA87 /* Products */;
			projectDirPath = "";
			projectRoot = "";
			targets = (
				4CC7A9671C91715700B3EA87 /* checkIfStringCharsAreUnique */,
			);
		};
/* End PBXProject section */

/* Begin PBXSourcesBuildPhase section */
		4CC7A9641C91715700B3EA87 /* Sources */ = {
			isa = PBXSourcesBuildPhase;
			buildActionMask = 2147483647;
			files = (
				4CC7A96C1C91715700B3EA87 /* main.c in Sources */,
			);
			runOnlyForDeploymentPostprocessing = 0;
		};
/* End PBXSourcesBuildPhase section */

/* Begin XCBuildConfiguration section */
		4CC7A96D1C91715700B3EA87 /* Debug */ = {
			isa = XCBuildConfiguration;
			buildSettings = {
				ALWAYS_SEARCH_USER_PATHS = NO;
				CLANG_CXX_LANGUAGE_STANDARD = "gnu++0x";
				CLANG_CXX_LIBRARY = "libc++";
				CLANG_ENABLE_MODULES = YES;
				CLANG_ENABLE_OBJC_ARC = YES;
				CLANG_WARN_BOOL_CONVERSION = YES;
				CLANG_WARN_CONSTANT_CONVERSION = YES;
				CLANG_WARN_DIRECT_OBJC_ISA_USAGE = YES_ERROR;
				CLANG_WARN_EMPTY_BODY = YES;
				CLANG_WARN_ENUM_CONVERSION = YES;
				CLANG_WARN_INT_CONVERSION = YES;
				CLANG_WARN_OBJC_ROOT_CLASS = YES_ERROR;
				CLANG_WARN_UNREACHABLE_CODE = YES;
				CLANG_WARN__DUPLICATE_METHOD_MATCH = YES;
				CODE_SIGN_IDENTITY = "-";
				COPY_PHASE_STRIP = NO;
				DEBUG_INFORMATION_FORMAT = dwarf;
				ENABLE_STRICT_OBJC_MSGSEND = YES;
				ENABLE_TESTABILITY = YES;
				GCC_C_LANGUAGE_STANDARD = gnu99;
				GCC_DYNAMIC_NO_PIC = NO;
				GCC_NO_COMMON_BLOCKS = YES;
				GCC_OPTIMIZATION_LEVEL = 0;
				GCC_PREPROCESSOR_DEFINITIONS = (
					"DEBUG=1",
					"$(inherited)",
				);
				GCC_WARN_64_TO_32_BIT_CONVERSION = YES;
				GCC_WARN_ABOUT_RETURN_TYPE = YES_ERROR;
				GCC_WARN_UNDECLARED_SELECTOR = YES;
				GCC_WARN_UNINITIALIZED_AUTOS = YES_AGGRESSIVE;
				GCC_WARN_UNUSED_FUNCTION = YES;
				GCC_WARN_UNUSED_VARIABLE = YES;
				MACOSX_DEPLOYMENT_TARGET = 10.11;
				MTL_ENABLE_DEBUG_INFO = YES;
				ONLY_ACTIVE_ARCH = YES;
				SDKROOT = macosx;
			};
			name = Debug;
		};
		4CC7A96E1C91715700B3EA87 /* Release */ = {
			isa = XCBuildConfiguration;
			buildSettings = {
				ALWAYS_SEARCH_USER_PATHS = NO;
				CLANG_CXX_LANGUAGE_STANDARD = "gnu++0x";
				CLANG_CXX_LIBRARY = "libc++";
				CLANG_ENABLE_MODULES = YES;
				CLANG_ENABLE_OBJC_ARC = YES;
				CLANG_WARN_BOOL_CONVERSION = YES;
				CLANG_WARN_CONSTANT_CONVERSION = YES;
				CLANG_WARN_DIRECT_OBJC_ISA_USAGE = YES_ERROR;
				CLANG_WARN_EMPTY_BODY = YES;
				CLANG_WARN_ENUM_CONVERSION = YES;
				CLANG_WARN_INT_CONVERSION = YES;
				CLANG_WARN_OBJC_ROOT_CLASS = YES_ERROR;
				CLANG_WARN_UNREACHABLE_CODE = YES;
				CLANG_WARN__DUPLICATE_METHOD_MATCH = YES;
				CODE_SIGN_IDENTITY = "-";
				COPY_PHASE_STRIP = NO;
				DEBUG_INFORMATION_FORMAT = "dwarf-with-dsym";
				ENABLE_NS_ASSERTIONS = NO;
				ENABLE_STRICT_OBJC_MSGSEND = YES;
				GCC_C_LANGUAGE_STANDARD = gnu99;
				GCC_NO_COMMON_BLOCKS = YES;
				GCC_WARN_64_TO_32_BIT_CONVERSION = YES;
				GCC_WARN_ABOUT_RETURN_TYPE = YES_ERROR;
				GCC_WARN_UNDECLARED_SELECTOR = YES;
				GCC_WARN_UNINITIALIZED_AUTOS = YES_AGGRESSIVE;
				GCC_WARN_UNUSED_FUNCTION = YES;
				GCC_WARN_UNUSED_VARIABLE = YES;
				MACOSX_DEPLOYMENT_TARGET = 10.11;
				MTL_ENABLE_DEBUG_INFO = NO;
				SDKROOT = macosx;
			};
			name = Release;
		};
		4CC7A9701C91715700B3EA87 /* Debug */ = {
			isa = XCBuildConfiguration;
			buildSettings = {
				PRODUCT_NAME = "$(TARGET_NAME)";
			};
			name = Debug;
		};
		4CC7A9711C91715700B3EA87 /* Release */ = {
			isa = XCBuildConfiguration;
			buildSettings = {
				PRODUCT_NAME = "$(TARGET_NAME)";
			};
			name = Release;
		};
/* End XCBuildConfiguration section */

/* Begin XCConfigurationList section */
		4CC7A9631C91715700B3EA87 /* Build configuration list for PBXProject "checkIfStringCharsAreUnique" */ = {
			isa = XCConfigurationList;
			buildConfigurations = (
				4CC7A96D1C91715700B3EA87 /* Debug */,
				4CC7A96E1C91715700B3EA87 /* Release */,
			);
			defaultConfigurationIsVisible = 0;
			defaultConfigurationName = Release;
		};
		4CC7A96F1C91715700B3EA87 /* Build configuration list for PBXNativeTarget "checkIfStringCharsAreUnique" */ = {
			isa = XCConfigurationList;
			buildConfigurations = (
				4CC7A9701C91715700B3EA87 /* Debug */,
				4CC7A9711C91715700B3EA87 /* Release */,
			);
			defaultConfigurationIsVisible = 0;
		};
/* End XCConfigurationList section */
	};
	rootObject = 4CC7A9601C91715700B3EA87 /* Project object */;
}
